PODS:
  - Alamofire (5.4.1)
  - Kingfisher (6.3.0)
  - SnapKit (5.0.1)
  - SwiftLint (0.39.2)

DEPENDENCIES:
  - Alamofire (= 5.4.1)
  - Kingfisher (= 6.3.0)
  - SnapKit (~> 5.0.0)
  - SwiftLint (~> 0.39.2)

SPEC REPOS:
  trunk:
    - Alamofire
    - Kingfisher
    - SnapKit
    - SwiftLint

SPEC CHECKSUMS:
  Alamofire: 2291f7d21ca607c491dd17642e5d40fdcda0e65c
  Kingfisher: 6c3df386db71d82c0817a429d2c9421a77396529
  SnapKit: 97b92857e3df3a0c71833cce143274bf6ef8e5eb
  SwiftLint: 22ccbbe3b8008684be5955693bab135e0ed6a447

PODFILE CHECKSUM: 8865683a5657e2132382806ec981cb4d0da2a014

COCOAPODS: 1.10.1
