// !$*UTF8*$!
{
	archiveVersion = 1;
	classes = {
	};
	objectVersion = 51;
	objects = {

/* Begin PBXBuildFile section */
		06079815F8887422A62FD264 /* Pods_MoviedbTests.framework in Frameworks */ = {isa = PBXBuildFile; fileRef = 9005E988DAB2C28D51D02AED /* Pods_MoviedbTests.framework */; };
		1E16723378AFFC82FD74266A /* Pods_Moviedb_MoviedbUITests.framework in Frameworks */ = {isa = PBXBuildFile; fileRef = 04DE306FE614153735B505E4 /* Pods_Moviedb_MoviedbUITests.framework */; };
		2C0D70D1D7EB98B037A07A28 /* Pods_Moviedb.framework in Frameworks */ = {isa = PBXBuildFile; fileRef = B23EF58C37FCF37C06E97181 /* Pods_Moviedb.framework */; };
		741F7EE026EF06DD00F35151 /* CastCustomCarousel.swift in Sources */ = {isa = PBXBuildFile; fileRef = 741F7EDF26EF06DD00F35151 /* CastCustomCarousel.swift */; };
		741F7EE226EF0E3B00F35151 /* CastCell.swift in Sources */ = {isa = PBXBuildFile; fileRef = 741F7EE126EF0E3B00F35151 /* CastCell.swift */; };
		7428FBD72724DCFA00483421 /* UICircularView.swift in Sources */ = {isa = PBXBuildFile; fileRef = 7428FBD62724DCFA00483421 /* UICircularView.swift */; };
		742F5DBD26DAAC1E00651B7C /* UIViewController+Extensions.swift in Sources */ = {isa = PBXBuildFile; fileRef = 742F5DBC26DAAC1E00651B7C /* UIViewController+Extensions.swift */; };
		7449DBA326D2AB04005B342F /* UIImageView+Extensions.swift in Sources */ = {isa = PBXBuildFile; fileRef = 7449DBA226D2AB04005B342F /* UIImageView+Extensions.swift */; };
		744EB0E426F7EBE9002F25B9 /* Credits.swift in Sources */ = {isa = PBXBuildFile; fileRef = 744EB0E326F7EBE9002F25B9 /* Credits.swift */; };
		7455FD50267542FD00A32DE4 /* MovieListWorker.swift in Sources */ = {isa = PBXBuildFile; fileRef = 7455FD4F267542FD00A32DE4 /* MovieListWorker.swift */; };
		7455FD532675464500A32DE4 /* MovieListResponse.swift in Sources */ = {isa = PBXBuildFile; fileRef = 7455FD522675464500A32DE4 /* MovieListResponse.swift */; };
		7487016D26D98B1A001D7DEE /* MovieListViewDelegate.swift in Sources */ = {isa = PBXBuildFile; fileRef = 7487016C26D98B19001D7DEE /* MovieListViewDelegate.swift */; };
		74B8F60226E7F6DF00DA21A9 /* MovieDetailsViewController.swift in Sources */ = {isa = PBXBuildFile; fileRef = 74B8F60126E7F6DF00DA21A9 /* MovieDetailsViewController.swift */; };
		74B8F60426E7F73300DA21A9 /* MovieDetailsPresenter.swift in Sources */ = {isa = PBXBuildFile; fileRef = 74B8F60326E7F73300DA21A9 /* MovieDetailsPresenter.swift */; };
		74B8F60626E7F79100DA21A9 /* MovieDetailsInteractor.swift in Sources */ = {isa = PBXBuildFile; fileRef = 74B8F60526E7F79100DA21A9 /* MovieDetailsInteractor.swift */; };
		74B8F60826E7F80100DA21A9 /* MovieDetailsRouter.swift in Sources */ = {isa = PBXBuildFile; fileRef = 74B8F60726E7F80100DA21A9 /* MovieDetailsRouter.swift */; };
		74B8F60A26E7F8EA00DA21A9 /* MovieDetailsBuilder.swift in Sources */ = {isa = PBXBuildFile; fileRef = 74B8F60926E7F8EA00DA21A9 /* MovieDetailsBuilder.swift */; };
		74B8F60D26E7FAC800DA21A9 /* MovieDetailsView.swift in Sources */ = {isa = PBXBuildFile; fileRef = 74B8F60C26E7FAC800DA21A9 /* MovieDetailsView.swift */; };
		74BD574E26F69F68005CE3C8 /* RecommendedCell.swift in Sources */ = {isa = PBXBuildFile; fileRef = 74BD574D26F69F68005CE3C8 /* RecommendedCell.swift */; };
		74BD575026F6A477005CE3C8 /* RecommendedCustomCarousel.swift in Sources */ = {isa = PBXBuildFile; fileRef = 74BD574F26F6A477005CE3C8 /* RecommendedCustomCarousel.swift */; };
		74BD575226F6AB26005CE3C8 /* MovieDetailsWorker.swift in Sources */ = {isa = PBXBuildFile; fileRef = 74BD575126F6AB26005CE3C8 /* MovieDetailsWorker.swift */; };
		74BD575426F6AB3D005CE3C8 /* MovieDetailsResponse.swift in Sources */ = {isa = PBXBuildFile; fileRef = 74BD575326F6AB3D005CE3C8 /* MovieDetailsResponse.swift */; };
		74BD575826F6AD5B005CE3C8 /* Crew.swift in Sources */ = {isa = PBXBuildFile; fileRef = 74BD575726F6AD5B005CE3C8 /* Crew.swift */; };
		74BD575A26F6AEF8005CE3C8 /* RecommendationResponse.swift in Sources */ = {isa = PBXBuildFile; fileRef = 74BD575926F6AEF8005CE3C8 /* RecommendationResponse.swift */; };
		74BD575C26F6AF8B005CE3C8 /* Int+Extension.swift in Sources */ = {isa = PBXBuildFile; fileRef = 74BD575B26F6AF8B005CE3C8 /* Int+Extension.swift */; };
		74BD576326F79802005CE3C8 /* MovieListViewModel.swift in Sources */ = {isa = PBXBuildFile; fileRef = 74BD576226F79802005CE3C8 /* MovieListViewModel.swift */; };
		74C17EED26B80D62004461BB /* ViewCodeProtocol.swift in Sources */ = {isa = PBXBuildFile; fileRef = 74C17EEC26B80D62004461BB /* ViewCodeProtocol.swift */; };
		74C17EEF26B80E17004461BB /* MovieCell.swift in Sources */ = {isa = PBXBuildFile; fileRef = 74C17EEE26B80E17004461BB /* MovieCell.swift */; };
		74C17EF226B80E3F004461BB /* MovieListView.swift in Sources */ = {isa = PBXBuildFile; fileRef = 74C17EF126B80E3F004461BB /* MovieListView.swift */; };
		74C17EF526B813EF004461BB /* UICollectionViewCell+Extension.swift in Sources */ = {isa = PBXBuildFile; fileRef = 74C17EF426B813EF004461BB /* UICollectionViewCell+Extension.swift */; };
		74C17EF826B814C2004461BB /* MovieListViewController.swift in Sources */ = {isa = PBXBuildFile; fileRef = 74C17EF726B814C2004461BB /* MovieListViewController.swift */; };
		74C17EFA26B814EB004461BB /* MovieListPresenter.swift in Sources */ = {isa = PBXBuildFile; fileRef = 74C17EF926B814EB004461BB /* MovieListPresenter.swift */; };
		74C17EFC26B8153F004461BB /* MovieListInteractor.swift in Sources */ = {isa = PBXBuildFile; fileRef = 74C17EFB26B8153F004461BB /* MovieListInteractor.swift */; };
		74C17EFE26B81585004461BB /* MovieListRouter.swift in Sources */ = {isa = PBXBuildFile; fileRef = 74C17EFD26B81585004461BB /* MovieListRouter.swift */; };
		74C17F0026B815B6004461BB /* MovieListBuilder.swift in Sources */ = {isa = PBXBuildFile; fileRef = 74C17EFF26B815B6004461BB /* MovieListBuilder.swift */; };
		74EAF51B270794EC00ECE944 /* UIBackButton.swift in Sources */ = {isa = PBXBuildFile; fileRef = 74EAF51A270794EC00ECE944 /* UIBackButton.swift */; };
		74EAF51D27079D3000ECE944 /* MovieDetailsViewDelegate.swift in Sources */ = {isa = PBXBuildFile; fileRef = 74EAF51C27079D3000ECE944 /* MovieDetailsViewDelegate.swift */; };
		74EAF51F270A411300ECE944 /* EmptyMovieListView.swift in Sources */ = {isa = PBXBuildFile; fileRef = 74EAF51E270A411300ECE944 /* EmptyMovieListView.swift */; };
		74EAF524270ADCCC00ECE944 /* UIView+Extension.swift in Sources */ = {isa = PBXBuildFile; fileRef = 74EAF523270ADCCC00ECE944 /* UIView+Extension.swift */; };
		74EAF526270B7B0C00ECE944 /* String+Extensions.swift in Sources */ = {isa = PBXBuildFile; fileRef = 74EAF525270B7B0C00ECE944 /* String+Extensions.swift */; };
		74EAF52C270BA26400ECE944 /* MovieListViewControllerMock.swift in Sources */ = {isa = PBXBuildFile; fileRef = 74EAF52B270BA26400ECE944 /* MovieListViewControllerMock.swift */; };
		74EAF531270BA8FC00ECE944 /* MovieListTests.swift in Sources */ = {isa = PBXBuildFile; fileRef = 74EAF530270BA8FC00ECE944 /* MovieListTests.swift */; };
		74EAF533270BFBAA00ECE944 /* MovieListWorkerMock.swift in Sources */ = {isa = PBXBuildFile; fileRef = 74EAF532270BFBAA00ECE944 /* MovieListWorkerMock.swift */; };
		74EAF535270BFF5900ECE944 /* MovieListResponseMock.swift in Sources */ = {isa = PBXBuildFile; fileRef = 74EAF534270BFF5900ECE944 /* MovieListResponseMock.swift */; };
		74EAF539270C0D7F00ECE944 /* MovieDetailsViewControllerMock.swift in Sources */ = {isa = PBXBuildFile; fileRef = 74EAF538270C0D7F00ECE944 /* MovieDetailsViewControllerMock.swift */; };
		74EAF53C270C0EDB00ECE944 /* MovieDetailsWorkerMock.swift in Sources */ = {isa = PBXBuildFile; fileRef = 74EAF53B270C0EDB00ECE944 /* MovieDetailsWorkerMock.swift */; };
		74EAF53E270C0EF400ECE944 /* MovieDetailsResponseMock.swift in Sources */ = {isa = PBXBuildFile; fileRef = 74EAF53D270C0EF400ECE944 /* MovieDetailsResponseMock.swift */; };
		74EAF540270C113D00ECE944 /* MovieDetailsTests.swift in Sources */ = {isa = PBXBuildFile; fileRef = 74EAF53F270C113D00ECE944 /* MovieDetailsTests.swift */; };
		D4D44E8925C0B197000F6268 /* AppDelegate.swift in Sources */ = {isa = PBXBuildFile; fileRef = D4D44E8825C0B197000F6268 /* AppDelegate.swift */; };
		D4D44E8B25C0B197000F6268 /* SceneDelegate.swift in Sources */ = {isa = PBXBuildFile; fileRef = D4D44E8A25C0B197000F6268 /* SceneDelegate.swift */; };
		D4D44E9225C0B198000F6268 /* Assets.xcassets in Resources */ = {isa = PBXBuildFile; fileRef = D4D44E9125C0B198000F6268 /* Assets.xcassets */; };
		D4D44E9525C0B198000F6268 /* LaunchScreen.storyboard in Resources */ = {isa = PBXBuildFile; fileRef = D4D44E9325C0B198000F6268 /* LaunchScreen.storyboard */; };
		D4D44EAB25C0B198000F6268 /* MoviedbUITests.swift in Sources */ = {isa = PBXBuildFile; fileRef = D4D44EAA25C0B198000F6268 /* MoviedbUITests.swift */; };
		D4ECB65D25C9C5700057C768 /* Movie.swift in Sources */ = {isa = PBXBuildFile; fileRef = D4ECB65C25C9C5700057C768 /* Movie.swift */; };
		D4ECB66225C9CA6E0057C768 /* Genre.swift in Sources */ = {isa = PBXBuildFile; fileRef = D4ECB66125C9CA6E0057C768 /* Genre.swift */; };
		D4ECB66725C9CAD40057C768 /* Details.swift in Sources */ = {isa = PBXBuildFile; fileRef = D4ECB66625C9CAD40057C768 /* Details.swift */; };
		D4ECB67125C9CD220057C768 /* Cast.swift in Sources */ = {isa = PBXBuildFile; fileRef = D4ECB67025C9CD220057C768 /* Cast.swift */; };
/* End PBXBuildFile section */

/* Begin PBXContainerItemProxy section */
		D4D44E9C25C0B198000F6268 /* PBXContainerItemProxy */ = {
			isa = PBXContainerItemProxy;
			containerPortal = D4D44E7D25C0B197000F6268 /* Project object */;
			proxyType = 1;
			remoteGlobalIDString = D4D44E8425C0B197000F6268;
			remoteInfo = Moviedb;
		};
		D4D44EA725C0B198000F6268 /* PBXContainerItemProxy */ = {
			isa = PBXContainerItemProxy;
			containerPortal = D4D44E7D25C0B197000F6268 /* Project object */;
			proxyType = 1;
			remoteGlobalIDString = D4D44E8425C0B197000F6268;
			remoteInfo = Moviedb;
		};
/* End PBXContainerItemProxy section */

/* Begin PBXFileReference section */
		04DE306FE614153735B505E4 /* Pods_Moviedb_MoviedbUITests.framework */ = {isa = PBXFileReference; explicitFileType = wrapper.framework; includeInIndex = 0; path = Pods_Moviedb_MoviedbUITests.framework; sourceTree = BUILT_PRODUCTS_DIR; };
		07F5B2AA6BE19052F62A34AD /* Pods-Moviedb.release.xcconfig */ = {isa = PBXFileReference; includeInIndex = 1; lastKnownFileType = text.xcconfig; name = "Pods-Moviedb.release.xcconfig"; path = "Target Support Files/Pods-Moviedb/Pods-Moviedb.release.xcconfig"; sourceTree = "<group>"; };
		35BEF93F4BB870612A6D4579 /* Pods-MoviedbTests.release.xcconfig */ = {isa = PBXFileReference; includeInIndex = 1; lastKnownFileType = text.xcconfig; name = "Pods-MoviedbTests.release.xcconfig"; path = "Target Support Files/Pods-MoviedbTests/Pods-MoviedbTests.release.xcconfig"; sourceTree = "<group>"; };
		6D351324F295D9C72E0DADC7 /* Pods-Moviedb-MoviedbUITests.release.xcconfig */ = {isa = PBXFileReference; includeInIndex = 1; lastKnownFileType = text.xcconfig; name = "Pods-Moviedb-MoviedbUITests.release.xcconfig"; path = "Target Support Files/Pods-Moviedb-MoviedbUITests/Pods-Moviedb-MoviedbUITests.release.xcconfig"; sourceTree = "<group>"; };
		741F7EDF26EF06DD00F35151 /* CastCustomCarousel.swift */ = {isa = PBXFileReference; lastKnownFileType = sourcecode.swift; path = CastCustomCarousel.swift; sourceTree = "<group>"; };
		741F7EE126EF0E3B00F35151 /* CastCell.swift */ = {isa = PBXFileReference; lastKnownFileType = sourcecode.swift; path = CastCell.swift; sourceTree = "<group>"; };
		7428FBD62724DCFA00483421 /* UICircularView.swift */ = {isa = PBXFileReference; lastKnownFileType = sourcecode.swift; path = UICircularView.swift; sourceTree = "<group>"; };
		742F5DBC26DAAC1E00651B7C /* UIViewController+Extensions.swift */ = {isa = PBXFileReference; lastKnownFileType = sourcecode.swift; path = "UIViewController+Extensions.swift"; sourceTree = "<group>"; };
		7449DBA226D2AB04005B342F /* UIImageView+Extensions.swift */ = {isa = PBXFileReference; lastKnownFileType = sourcecode.swift; path = "UIImageView+Extensions.swift"; sourceTree = "<group>"; };
		744EB0E326F7EBE9002F25B9 /* Credits.swift */ = {isa = PBXFileReference; lastKnownFileType = sourcecode.swift; path = Credits.swift; sourceTree = "<group>"; };
		7455FD4F267542FD00A32DE4 /* MovieListWorker.swift */ = {isa = PBXFileReference; lastKnownFileType = sourcecode.swift; path = MovieListWorker.swift; sourceTree = "<group>"; };
		7455FD522675464500A32DE4 /* MovieListResponse.swift */ = {isa = PBXFileReference; lastKnownFileType = sourcecode.swift; path = MovieListResponse.swift; sourceTree = "<group>"; };
		7487016C26D98B19001D7DEE /* MovieListViewDelegate.swift */ = {isa = PBXFileReference; lastKnownFileType = sourcecode.swift; path = MovieListViewDelegate.swift; sourceTree = "<group>"; };
		74B8F60126E7F6DF00DA21A9 /* MovieDetailsViewController.swift */ = {isa = PBXFileReference; lastKnownFileType = sourcecode.swift; path = MovieDetailsViewController.swift; sourceTree = "<group>"; };
		74B8F60326E7F73300DA21A9 /* MovieDetailsPresenter.swift */ = {isa = PBXFileReference; lastKnownFileType = sourcecode.swift; path = MovieDetailsPresenter.swift; sourceTree = "<group>"; };
		74B8F60526E7F79100DA21A9 /* MovieDetailsInteractor.swift */ = {isa = PBXFileReference; lastKnownFileType = sourcecode.swift; path = MovieDetailsInteractor.swift; sourceTree = "<group>"; };
		74B8F60726E7F80100DA21A9 /* MovieDetailsRouter.swift */ = {isa = PBXFileReference; lastKnownFileType = sourcecode.swift; path = MovieDetailsRouter.swift; sourceTree = "<group>"; };
		74B8F60926E7F8EA00DA21A9 /* MovieDetailsBuilder.swift */ = {isa = PBXFileReference; lastKnownFileType = sourcecode.swift; path = MovieDetailsBuilder.swift; sourceTree = "<group>"; };
		74B8F60C26E7FAC800DA21A9 /* MovieDetailsView.swift */ = {isa = PBXFileReference; lastKnownFileType = sourcecode.swift; path = MovieDetailsView.swift; sourceTree = "<group>"; };
		74BD574D26F69F68005CE3C8 /* RecommendedCell.swift */ = {isa = PBXFileReference; lastKnownFileType = sourcecode.swift; path = RecommendedCell.swift; sourceTree = "<group>"; };
		74BD574F26F6A477005CE3C8 /* RecommendedCustomCarousel.swift */ = {isa = PBXFileReference; lastKnownFileType = sourcecode.swift; path = RecommendedCustomCarousel.swift; sourceTree = "<group>"; };
		74BD575126F6AB26005CE3C8 /* MovieDetailsWorker.swift */ = {isa = PBXFileReference; lastKnownFileType = sourcecode.swift; path = MovieDetailsWorker.swift; sourceTree = "<group>"; };
		74BD575326F6AB3D005CE3C8 /* MovieDetailsResponse.swift */ = {isa = PBXFileReference; lastKnownFileType = sourcecode.swift; path = MovieDetailsResponse.swift; sourceTree = "<group>"; };
		74BD575726F6AD5B005CE3C8 /* Crew.swift */ = {isa = PBXFileReference; lastKnownFileType = sourcecode.swift; path = Crew.swift; sourceTree = "<group>"; };
		74BD575926F6AEF8005CE3C8 /* RecommendationResponse.swift */ = {isa = PBXFileReference; lastKnownFileType = sourcecode.swift; path = RecommendationResponse.swift; sourceTree = "<group>"; };
		74BD575B26F6AF8B005CE3C8 /* Int+Extension.swift */ = {isa = PBXFileReference; lastKnownFileType = sourcecode.swift; path = "Int+Extension.swift"; sourceTree = "<group>"; };
		74BD576226F79802005CE3C8 /* MovieListViewModel.swift */ = {isa = PBXFileReference; lastKnownFileType = sourcecode.swift; path = MovieListViewModel.swift; sourceTree = "<group>"; };
		74C17EEC26B80D62004461BB /* ViewCodeProtocol.swift */ = {isa = PBXFileReference; lastKnownFileType = sourcecode.swift; path = ViewCodeProtocol.swift; sourceTree = "<group>"; };
		74C17EEE26B80E17004461BB /* MovieCell.swift */ = {isa = PBXFileReference; lastKnownFileType = sourcecode.swift; path = MovieCell.swift; sourceTree = "<group>"; };
		74C17EF126B80E3F004461BB /* MovieListView.swift */ = {isa = PBXFileReference; lastKnownFileType = sourcecode.swift; path = MovieListView.swift; sourceTree = "<group>"; };
		74C17EF426B813EF004461BB /* UICollectionViewCell+Extension.swift */ = {isa = PBXFileReference; lastKnownFileType = sourcecode.swift; path = "UICollectionViewCell+Extension.swift"; sourceTree = "<group>"; };
		74C17EF726B814C2004461BB /* MovieListViewController.swift */ = {isa = PBXFileReference; lastKnownFileType = sourcecode.swift; path = MovieListViewController.swift; sourceTree = "<group>"; };
		74C17EF926B814EB004461BB /* MovieListPresenter.swift */ = {isa = PBXFileReference; lastKnownFileType = sourcecode.swift; path = MovieListPresenter.swift; sourceTree = "<group>"; };
		74C17EFB26B8153F004461BB /* MovieListInteractor.swift */ = {isa = PBXFileReference; lastKnownFileType = sourcecode.swift; path = MovieListInteractor.swift; sourceTree = "<group>"; };
		74C17EFD26B81585004461BB /* MovieListRouter.swift */ = {isa = PBXFileReference; lastKnownFileType = sourcecode.swift; path = MovieListRouter.swift; sourceTree = "<group>"; };
		74C17EFF26B815B6004461BB /* MovieListBuilder.swift */ = {isa = PBXFileReference; lastKnownFileType = sourcecode.swift; path = MovieListBuilder.swift; sourceTree = "<group>"; };
		74EAF51A270794EC00ECE944 /* UIBackButton.swift */ = {isa = PBXFileReference; lastKnownFileType = sourcecode.swift; path = UIBackButton.swift; sourceTree = "<group>"; };
		74EAF51C27079D3000ECE944 /* MovieDetailsViewDelegate.swift */ = {isa = PBXFileReference; lastKnownFileType = sourcecode.swift; path = MovieDetailsViewDelegate.swift; sourceTree = "<group>"; };
		74EAF51E270A411300ECE944 /* EmptyMovieListView.swift */ = {isa = PBXFileReference; lastKnownFileType = sourcecode.swift; path = EmptyMovieListView.swift; sourceTree = "<group>"; };
		74EAF523270ADCCC00ECE944 /* UIView+Extension.swift */ = {isa = PBXFileReference; lastKnownFileType = sourcecode.swift; path = "UIView+Extension.swift"; sourceTree = "<group>"; };
		74EAF525270B7B0C00ECE944 /* String+Extensions.swift */ = {isa = PBXFileReference; lastKnownFileType = sourcecode.swift; path = "String+Extensions.swift"; sourceTree = "<group>"; };
		74EAF52B270BA26400ECE944 /* MovieListViewControllerMock.swift */ = {isa = PBXFileReference; lastKnownFileType = sourcecode.swift; path = MovieListViewControllerMock.swift; sourceTree = "<group>"; };
		74EAF530270BA8FC00ECE944 /* MovieListTests.swift */ = {isa = PBXFileReference; lastKnownFileType = sourcecode.swift; path = MovieListTests.swift; sourceTree = "<group>"; };
		74EAF532270BFBAA00ECE944 /* MovieListWorkerMock.swift */ = {isa = PBXFileReference; lastKnownFileType = sourcecode.swift; path = MovieListWorkerMock.swift; sourceTree = "<group>"; };
		74EAF534270BFF5900ECE944 /* MovieListResponseMock.swift */ = {isa = PBXFileReference; lastKnownFileType = sourcecode.swift; path = MovieListResponseMock.swift; sourceTree = "<group>"; };
		74EAF538270C0D7F00ECE944 /* MovieDetailsViewControllerMock.swift */ = {isa = PBXFileReference; lastKnownFileType = sourcecode.swift; path = MovieDetailsViewControllerMock.swift; sourceTree = "<group>"; };
		74EAF53B270C0EDB00ECE944 /* MovieDetailsWorkerMock.swift */ = {isa = PBXFileReference; lastKnownFileType = sourcecode.swift; path = MovieDetailsWorkerMock.swift; sourceTree = "<group>"; };
		74EAF53D270C0EF400ECE944 /* MovieDetailsResponseMock.swift */ = {isa = PBXFileReference; lastKnownFileType = sourcecode.swift; path = MovieDetailsResponseMock.swift; sourceTree = "<group>"; };
		74EAF53F270C113D00ECE944 /* MovieDetailsTests.swift */ = {isa = PBXFileReference; lastKnownFileType = sourcecode.swift; path = MovieDetailsTests.swift; sourceTree = "<group>"; };
		9005E988DAB2C28D51D02AED /* Pods_MoviedbTests.framework */ = {isa = PBXFileReference; explicitFileType = wrapper.framework; includeInIndex = 0; path = Pods_MoviedbTests.framework; sourceTree = BUILT_PRODUCTS_DIR; };
		AAC3AF2FB8799165A831D9B4 /* Pods-MoviedbTests.debug.xcconfig */ = {isa = PBXFileReference; includeInIndex = 1; lastKnownFileType = text.xcconfig; name = "Pods-MoviedbTests.debug.xcconfig"; path = "Target Support Files/Pods-MoviedbTests/Pods-MoviedbTests.debug.xcconfig"; sourceTree = "<group>"; };
		B23EF58C37FCF37C06E97181 /* Pods_Moviedb.framework */ = {isa = PBXFileReference; explicitFileType = wrapper.framework; includeInIndex = 0; path = Pods_Moviedb.framework; sourceTree = BUILT_PRODUCTS_DIR; };
		C33F1C15EADAF968DC985704 /* Pods-Moviedb.debug.xcconfig */ = {isa = PBXFileReference; includeInIndex = 1; lastKnownFileType = text.xcconfig; name = "Pods-Moviedb.debug.xcconfig"; path = "Target Support Files/Pods-Moviedb/Pods-Moviedb.debug.xcconfig"; sourceTree = "<group>"; };
		D4D44E8525C0B197000F6268 /* Moviedb.app */ = {isa = PBXFileReference; explicitFileType = wrapper.application; includeInIndex = 0; path = Moviedb.app; sourceTree = BUILT_PRODUCTS_DIR; };
		D4D44E8825C0B197000F6268 /* AppDelegate.swift */ = {isa = PBXFileReference; lastKnownFileType = sourcecode.swift; path = AppDelegate.swift; sourceTree = "<group>"; };
		D4D44E8A25C0B197000F6268 /* SceneDelegate.swift */ = {isa = PBXFileReference; lastKnownFileType = sourcecode.swift; path = SceneDelegate.swift; sourceTree = "<group>"; };
		D4D44E9125C0B198000F6268 /* Assets.xcassets */ = {isa = PBXFileReference; lastKnownFileType = folder.assetcatalog; path = Assets.xcassets; sourceTree = "<group>"; };
		D4D44E9425C0B198000F6268 /* Base */ = {isa = PBXFileReference; lastKnownFileType = file.storyboard; name = Base; path = Base.lproj/LaunchScreen.storyboard; sourceTree = "<group>"; };
		D4D44E9625C0B198000F6268 /* Info.plist */ = {isa = PBXFileReference; lastKnownFileType = text.plist.xml; path = Info.plist; sourceTree = "<group>"; };
		D4D44E9B25C0B198000F6268 /* MoviedbTests.xctest */ = {isa = PBXFileReference; explicitFileType = wrapper.cfbundle; includeInIndex = 0; path = MoviedbTests.xctest; sourceTree = BUILT_PRODUCTS_DIR; };
		D4D44EA125C0B198000F6268 /* Info.plist */ = {isa = PBXFileReference; lastKnownFileType = text.plist.xml; path = Info.plist; sourceTree = "<group>"; };
		D4D44EA625C0B198000F6268 /* MoviedbUITests.xctest */ = {isa = PBXFileReference; explicitFileType = wrapper.cfbundle; includeInIndex = 0; path = MoviedbUITests.xctest; sourceTree = BUILT_PRODUCTS_DIR; };
		D4D44EAA25C0B198000F6268 /* MoviedbUITests.swift */ = {isa = PBXFileReference; lastKnownFileType = sourcecode.swift; path = MoviedbUITests.swift; sourceTree = "<group>"; };
		D4D44EAC25C0B198000F6268 /* Info.plist */ = {isa = PBXFileReference; lastKnownFileType = text.plist.xml; path = Info.plist; sourceTree = "<group>"; };
		D4ECB65C25C9C5700057C768 /* Movie.swift */ = {isa = PBXFileReference; lastKnownFileType = sourcecode.swift; path = Movie.swift; sourceTree = "<group>"; };
		D4ECB66125C9CA6E0057C768 /* Genre.swift */ = {isa = PBXFileReference; lastKnownFileType = sourcecode.swift; path = Genre.swift; sourceTree = "<group>"; };
		D4ECB66625C9CAD40057C768 /* Details.swift */ = {isa = PBXFileReference; lastKnownFileType = sourcecode.swift; path = Details.swift; sourceTree = "<group>"; };
		D4ECB67025C9CD220057C768 /* Cast.swift */ = {isa = PBXFileReference; lastKnownFileType = sourcecode.swift; path = Cast.swift; sourceTree = "<group>"; };
		E628D85361B34B336DE5DC68 /* Pods-Moviedb-MoviedbUITests.debug.xcconfig */ = {isa = PBXFileReference; includeInIndex = 1; lastKnownFileType = text.xcconfig; name = "Pods-Moviedb-MoviedbUITests.debug.xcconfig"; path = "Target Support Files/Pods-Moviedb-MoviedbUITests/Pods-Moviedb-MoviedbUITests.debug.xcconfig"; sourceTree = "<group>"; };
/* End PBXFileReference section */

/* Begin PBXFrameworksBuildPhase section */
		D4D44E8225C0B197000F6268 /* Frameworks */ = {
			isa = PBXFrameworksBuildPhase;
			buildActionMask = 2147483647;
			files = (
				2C0D70D1D7EB98B037A07A28 /* Pods_Moviedb.framework in Frameworks */,
			);
			runOnlyForDeploymentPostprocessing = 0;
		};
		D4D44E9825C0B198000F6268 /* Frameworks */ = {
			isa = PBXFrameworksBuildPhase;
			buildActionMask = 2147483647;
			files = (
				06079815F8887422A62FD264 /* Pods_MoviedbTests.framework in Frameworks */,
			);
			runOnlyForDeploymentPostprocessing = 0;
		};
		D4D44EA325C0B198000F6268 /* Frameworks */ = {
			isa = PBXFrameworksBuildPhase;
			buildActionMask = 2147483647;
			files = (
				1E16723378AFFC82FD74266A /* Pods_Moviedb_MoviedbUITests.framework in Frameworks */,
			);
			runOnlyForDeploymentPostprocessing = 0;
		};
/* End PBXFrameworksBuildPhase section */

/* Begin PBXGroup section */
		7455FD4726753B0E00A32DE4 /* Shared */ = {
			isa = PBXGroup;
			children = (
				74EAF5192707948400ECE944 /* Components */,
				74C17EF326B813C0004461BB /* Extension */,
				7455FD4B26753CE800A32DE4 /* Common */,
			);
			path = Shared;
			sourceTree = "<group>";
		};
		7455FD4826753B4800A32DE4 /* Workers */ = {
			isa = PBXGroup;
			children = (
				74EAF521270ABF1100ECE944 /* MovieDetails */,
				74EAF520270ABED100ECE944 /* MovieList */,
			);
			path = Workers;
			sourceTree = "<group>";
		};
		7455FD4B26753CE800A32DE4 /* Common */ = {
			isa = PBXGroup;
			children = (
				74C17EEC26B80D62004461BB /* ViewCodeProtocol.swift */,
			);
			path = Common;
			sourceTree = "<group>";
		};
		7455FD51267545FD00A32DE4 /* DTO */ = {
			isa = PBXGroup;
			children = (
				7455FD522675464500A32DE4 /* MovieListResponse.swift */,
			);
			path = DTO;
			sourceTree = "<group>";
		};
		74B8F60026E7F55A00DA21A9 /* MovieDetails */ = {
			isa = PBXGroup;
			children = (
				74B8F60B26E7FAAC00DA21A9 /* View */,
				74B8F60126E7F6DF00DA21A9 /* MovieDetailsViewController.swift */,
				74B8F60326E7F73300DA21A9 /* MovieDetailsPresenter.swift */,
				74B8F60526E7F79100DA21A9 /* MovieDetailsInteractor.swift */,
				74B8F60726E7F80100DA21A9 /* MovieDetailsRouter.swift */,
				74B8F60926E7F8EA00DA21A9 /* MovieDetailsBuilder.swift */,
			);
			path = MovieDetails;
			sourceTree = "<group>";
		};
		74B8F60B26E7FAAC00DA21A9 /* View */ = {
			isa = PBXGroup;
			children = (
				74BD574C26F69F48005CE3C8 /* Cell */,
				74B8F60C26E7FAC800DA21A9 /* MovieDetailsView.swift */,
				741F7EDF26EF06DD00F35151 /* CastCustomCarousel.swift */,
				74BD574F26F6A477005CE3C8 /* RecommendedCustomCarousel.swift */,
				74EAF51C27079D3000ECE944 /* MovieDetailsViewDelegate.swift */,
			);
			path = View;
			sourceTree = "<group>";
		};
		74BD574C26F69F48005CE3C8 /* Cell */ = {
			isa = PBXGroup;
			children = (
				741F7EE126EF0E3B00F35151 /* CastCell.swift */,
				74BD574D26F69F68005CE3C8 /* RecommendedCell.swift */,
			);
			path = Cell;
			sourceTree = "<group>";
		};
		74C17EEA26B80CD1004461BB /* Features */ = {
			isa = PBXGroup;
			children = (
				74C17EEB26B80CDE004461BB /* MovieList */,
				74B8F60026E7F55A00DA21A9 /* MovieDetails */,
			);
			path = Features;
			sourceTree = "<group>";
		};
		74C17EEB26B80CDE004461BB /* MovieList */ = {
			isa = PBXGroup;
			children = (
				74C17EF026B80E1E004461BB /* View */,
				74C17EF726B814C2004461BB /* MovieListViewController.swift */,
				74C17EF926B814EB004461BB /* MovieListPresenter.swift */,
				74C17EFB26B8153F004461BB /* MovieListInteractor.swift */,
				74C17EFD26B81585004461BB /* MovieListRouter.swift */,
				74C17EFF26B815B6004461BB /* MovieListBuilder.swift */,
				7487016C26D98B19001D7DEE /* MovieListViewDelegate.swift */,
				74BD576226F79802005CE3C8 /* MovieListViewModel.swift */,
			);
			path = MovieList;
			sourceTree = "<group>";
		};
		74C17EF026B80E1E004461BB /* View */ = {
			isa = PBXGroup;
			children = (
				74C17EEE26B80E17004461BB /* MovieCell.swift */,
				74C17EF126B80E3F004461BB /* MovieListView.swift */,
				74EAF51E270A411300ECE944 /* EmptyMovieListView.swift */,
			);
			path = View;
			sourceTree = "<group>";
		};
		74C17EF326B813C0004461BB /* Extension */ = {
			isa = PBXGroup;
			children = (
				74C17EF426B813EF004461BB /* UICollectionViewCell+Extension.swift */,
				7449DBA226D2AB04005B342F /* UIImageView+Extensions.swift */,
				742F5DBC26DAAC1E00651B7C /* UIViewController+Extensions.swift */,
				74BD575B26F6AF8B005CE3C8 /* Int+Extension.swift */,
				74EAF523270ADCCC00ECE944 /* UIView+Extension.swift */,
				74EAF525270B7B0C00ECE944 /* String+Extensions.swift */,
			);
			path = Extension;
			sourceTree = "<group>";
		};
		74EAF5192707948400ECE944 /* Components */ = {
			isa = PBXGroup;
			children = (
				74EAF51A270794EC00ECE944 /* UIBackButton.swift */,
				7428FBD62724DCFA00483421 /* UICircularView.swift */,
			);
			path = Components;
			sourceTree = "<group>";
		};
		74EAF520270ABED100ECE944 /* MovieList */ = {
			isa = PBXGroup;
			children = (
				7455FD51267545FD00A32DE4 /* DTO */,
				7455FD4F267542FD00A32DE4 /* MovieListWorker.swift */,
			);
			path = MovieList;
			sourceTree = "<group>";
		};
		74EAF521270ABF1100ECE944 /* MovieDetails */ = {
			isa = PBXGroup;
			children = (
				74EAF522270ABF2A00ECE944 /* DTO */,
				74BD575126F6AB26005CE3C8 /* MovieDetailsWorker.swift */,
			);
			path = MovieDetails;
			sourceTree = "<group>";
		};
		74EAF522270ABF2A00ECE944 /* DTO */ = {
			isa = PBXGroup;
			children = (
				74BD575326F6AB3D005CE3C8 /* MovieDetailsResponse.swift */,
				74BD575926F6AEF8005CE3C8 /* RecommendationResponse.swift */,
			);
			path = DTO;
			sourceTree = "<group>";
		};
		74EAF529270BA20E00ECE944 /* Source */ = {
			isa = PBXGroup;
			children = (
				74EAF536270C0D1100ECE944 /* MovieDetails */,
				74EAF52F270BA8BE00ECE944 /* MovieList */,
			);
			path = Source;
			sourceTree = "<group>";
		};
		74EAF52A270BA23100ECE944 /* Mocks */ = {
			isa = PBXGroup;
			children = (
				74EAF52B270BA26400ECE944 /* MovieListViewControllerMock.swift */,
				74EAF532270BFBAA00ECE944 /* MovieListWorkerMock.swift */,
				74EAF534270BFF5900ECE944 /* MovieListResponseMock.swift */,
			);
			path = Mocks;
			sourceTree = "<group>";
		};
		74EAF52F270BA8BE00ECE944 /* MovieList */ = {
			isa = PBXGroup;
			children = (
				74EAF52A270BA23100ECE944 /* Mocks */,
				74EAF530270BA8FC00ECE944 /* MovieListTests.swift */,
			);
			path = MovieList;
			sourceTree = "<group>";
		};
		74EAF536270C0D1100ECE944 /* MovieDetails */ = {
			isa = PBXGroup;
			children = (
				74EAF537270C0D1D00ECE944 /* Mocks */,
				74EAF53F270C113D00ECE944 /* MovieDetailsTests.swift */,
			);
			path = MovieDetails;
			sourceTree = "<group>";
		};
		74EAF537270C0D1D00ECE944 /* Mocks */ = {
			isa = PBXGroup;
			children = (
				74EAF538270C0D7F00ECE944 /* MovieDetailsViewControllerMock.swift */,
				74EAF53D270C0EF400ECE944 /* MovieDetailsResponseMock.swift */,
				74EAF53B270C0EDB00ECE944 /* MovieDetailsWorkerMock.swift */,
			);
			path = Mocks;
			sourceTree = "<group>";
		};
		939EF4662DB693E09C80D02F /* Pods */ = {
			isa = PBXGroup;
			children = (
				C33F1C15EADAF968DC985704 /* Pods-Moviedb.debug.xcconfig */,
				07F5B2AA6BE19052F62A34AD /* Pods-Moviedb.release.xcconfig */,
				E628D85361B34B336DE5DC68 /* Pods-Moviedb-MoviedbUITests.debug.xcconfig */,
				6D351324F295D9C72E0DADC7 /* Pods-Moviedb-MoviedbUITests.release.xcconfig */,
				AAC3AF2FB8799165A831D9B4 /* Pods-MoviedbTests.debug.xcconfig */,
				35BEF93F4BB870612A6D4579 /* Pods-MoviedbTests.release.xcconfig */,
			);
			path = Pods;
			sourceTree = "<group>";
		};
		9B849D4C82E3D096E37656D2 /* Frameworks */ = {
			isa = PBXGroup;
			children = (
				B23EF58C37FCF37C06E97181 /* Pods_Moviedb.framework */,
				04DE306FE614153735B505E4 /* Pods_Moviedb_MoviedbUITests.framework */,
				9005E988DAB2C28D51D02AED /* Pods_MoviedbTests.framework */,
			);
			name = Frameworks;
			sourceTree = "<group>";
		};
		D4D44E7C25C0B197000F6268 = {
			isa = PBXGroup;
			children = (
				D4D44E8725C0B197000F6268 /* Moviedb */,
				D4D44E9E25C0B198000F6268 /* MoviedbTests */,
				D4D44EA925C0B198000F6268 /* MoviedbUITests */,
				D4D44E8625C0B197000F6268 /* Products */,
				939EF4662DB693E09C80D02F /* Pods */,
				9B849D4C82E3D096E37656D2 /* Frameworks */,
			);
			sourceTree = "<group>";
		};
		D4D44E8625C0B197000F6268 /* Products */ = {
			isa = PBXGroup;
			children = (
				D4D44E8525C0B197000F6268 /* Moviedb.app */,
				D4D44E9B25C0B198000F6268 /* MoviedbTests.xctest */,
				D4D44EA625C0B198000F6268 /* MoviedbUITests.xctest */,
			);
			name = Products;
			sourceTree = "<group>";
		};
		D4D44E8725C0B197000F6268 /* Moviedb */ = {
			isa = PBXGroup;
			children = (
				D4ECB64A25C9C3800057C768 /* Resources */,
				D4ECB63D25C9C2FE0057C768 /* Source */,
				D4ECB64925C9C35C0057C768 /* SupportFiles */,
			);
			path = Moviedb;
			sourceTree = "<group>";
		};
		D4D44E9E25C0B198000F6268 /* MoviedbTests */ = {
			isa = PBXGroup;
			children = (
				74EAF529270BA20E00ECE944 /* Source */,
				D4D44EA125C0B198000F6268 /* Info.plist */,
			);
			path = MoviedbTests;
			sourceTree = "<group>";
		};
		D4D44EA925C0B198000F6268 /* MoviedbUITests */ = {
			isa = PBXGroup;
			children = (
				D4D44EAA25C0B198000F6268 /* MoviedbUITests.swift */,
				D4D44EAC25C0B198000F6268 /* Info.plist */,
			);
			path = MoviedbUITests;
			sourceTree = "<group>";
		};
		D4ECB63C25C9C2F80057C768 /* Model */ = {
			isa = PBXGroup;
			children = (
				D4ECB67025C9CD220057C768 /* Cast.swift */,
				74BD575726F6AD5B005CE3C8 /* Crew.swift */,
				D4ECB66625C9CAD40057C768 /* Details.swift */,
				D4ECB66125C9CA6E0057C768 /* Genre.swift */,
				D4ECB65C25C9C5700057C768 /* Movie.swift */,
				744EB0E326F7EBE9002F25B9 /* Credits.swift */,
			);
			path = Model;
			sourceTree = "<group>";
		};
		D4ECB63D25C9C2FE0057C768 /* Source */ = {
			isa = PBXGroup;
			children = (
				74C17EEA26B80CD1004461BB /* Features */,
				D4ECB63C25C9C2F80057C768 /* Model */,
				7455FD4726753B0E00A32DE4 /* Shared */,
				7455FD4826753B4800A32DE4 /* Workers */,
			);
			path = Source;
			sourceTree = "<group>";
		};
		D4ECB64925C9C35C0057C768 /* SupportFiles */ = {
			isa = PBXGroup;
			children = (
				D4D44E9625C0B198000F6268 /* Info.plist */,
				D4D44E8825C0B197000F6268 /* AppDelegate.swift */,
				D4D44E8A25C0B197000F6268 /* SceneDelegate.swift */,
				D4D44E9325C0B198000F6268 /* LaunchScreen.storyboard */,
			);
			path = SupportFiles;
			sourceTree = "<group>";
		};
		D4ECB64A25C9C3800057C768 /* Resources */ = {
			isa = PBXGroup;
			children = (
				D4D44E9125C0B198000F6268 /* Assets.xcassets */,
			);
			path = Resources;
			sourceTree = "<group>";
		};
/* End PBXGroup section */

/* Begin PBXNativeTarget section */
		D4D44E8425C0B197000F6268 /* Moviedb */ = {
			isa = PBXNativeTarget;
			buildConfigurationList = D4D44EAF25C0B198000F6268 /* Build configuration list for PBXNativeTarget "Moviedb" */;
			buildPhases = (
				6E8132B7966515C4ECE87CDE /* [CP] Check Pods Manifest.lock */,
				D4D44E8125C0B197000F6268 /* Sources */,
				D4D44E8225C0B197000F6268 /* Frameworks */,
				D4D44E8325C0B197000F6268 /* Resources */,
				735A0CDA55F006649E8CB15B /* [CP] Embed Pods Frameworks */,
			);
			buildRules = (
			);
			dependencies = (
			);
			name = Moviedb;
			productName = Moviedb;
			productReference = D4D44E8525C0B197000F6268 /* Moviedb.app */;
			productType = "com.apple.product-type.application";
		};
		D4D44E9A25C0B198000F6268 /* MoviedbTests */ = {
			isa = PBXNativeTarget;
			buildConfigurationList = D4D44EB225C0B198000F6268 /* Build configuration list for PBXNativeTarget "MoviedbTests" */;
			buildPhases = (
				08D31E31FCFA4F7DCB8F0155 /* [CP] Check Pods Manifest.lock */,
				D4D44E9725C0B198000F6268 /* Sources */,
				D4D44E9825C0B198000F6268 /* Frameworks */,
				D4D44E9925C0B198000F6268 /* Resources */,
				A2D2D4DB4DF94D4C0BA0C50D /* [CP] Embed Pods Frameworks */,
			);
			buildRules = (
			);
			dependencies = (
				D4D44E9D25C0B198000F6268 /* PBXTargetDependency */,
			);
			name = MoviedbTests;
			productName = MoviedbTests;
			productReference = D4D44E9B25C0B198000F6268 /* MoviedbTests.xctest */;
			productType = "com.apple.product-type.bundle.unit-test";
		};
		D4D44EA525C0B198000F6268 /* MoviedbUITests */ = {
			isa = PBXNativeTarget;
			buildConfigurationList = D4D44EB525C0B198000F6268 /* Build configuration list for PBXNativeTarget "MoviedbUITests" */;
			buildPhases = (
				366C9668D99DFE9D24C9D689 /* [CP] Check Pods Manifest.lock */,
				D4D44EA225C0B198000F6268 /* Sources */,
				D4D44EA325C0B198000F6268 /* Frameworks */,
				D4D44EA425C0B198000F6268 /* Resources */,
				2F08DE154372F5228B79EC05 /* [CP] Embed Pods Frameworks */,
			);
			buildRules = (
			);
			dependencies = (
				D4D44EA825C0B198000F6268 /* PBXTargetDependency */,
			);
			name = MoviedbUITests;
			productName = MoviedbUITests;
			productReference = D4D44EA625C0B198000F6268 /* MoviedbUITests.xctest */;
			productType = "com.apple.product-type.bundle.ui-testing";
		};
/* End PBXNativeTarget section */

/* Begin PBXProject section */
		D4D44E7D25C0B197000F6268 /* Project object */ = {
			isa = PBXProject;
			attributes = {
				LastSwiftUpdateCheck = 1230;
				LastUpgradeCheck = 1230;
				TargetAttributes = {
					D4D44E8425C0B197000F6268 = {
						CreatedOnToolsVersion = 12.3;
					};
					D4D44E9A25C0B198000F6268 = {
						CreatedOnToolsVersion = 12.3;
						TestTargetID = D4D44E8425C0B197000F6268;
					};
					D4D44EA525C0B198000F6268 = {
						CreatedOnToolsVersion = 12.3;
						TestTargetID = D4D44E8425C0B197000F6268;
					};
				};
			};
			buildConfigurationList = D4D44E8025C0B197000F6268 /* Build configuration list for PBXProject "Moviedb" */;
			compatibilityVersion = "Xcode 9.3";
			developmentRegion = en;
			hasScannedForEncodings = 0;
			knownRegions = (
				en,
				Base,
			);
			mainGroup = D4D44E7C25C0B197000F6268;
			productRefGroup = D4D44E8625C0B197000F6268 /* Products */;
			projectDirPath = "";
			projectRoot = "";
			targets = (
				D4D44E8425C0B197000F6268 /* Moviedb */,
				D4D44E9A25C0B198000F6268 /* MoviedbTests */,
				D4D44EA525C0B198000F6268 /* MoviedbUITests */,
			);
		};
/* End PBXProject section */

/* Begin PBXResourcesBuildPhase section */
		D4D44E8325C0B197000F6268 /* Resources */ = {
			isa = PBXResourcesBuildPhase;
			buildActionMask = 2147483647;
			files = (
				D4D44E9525C0B198000F6268 /* LaunchScreen.storyboard in Resources */,
				D4D44E9225C0B198000F6268 /* Assets.xcassets in Resources */,
			);
			runOnlyForDeploymentPostprocessing = 0;
		};
		D4D44E9925C0B198000F6268 /* Resources */ = {
			isa = PBXResourcesBuildPhase;
			buildActionMask = 2147483647;
			files = (
			);
			runOnlyForDeploymentPostprocessing = 0;
		};
		D4D44EA425C0B198000F6268 /* Resources */ = {
			isa = PBXResourcesBuildPhase;
			buildActionMask = 2147483647;
			files = (
			);
			runOnlyForDeploymentPostprocessing = 0;
		};
/* End PBXResourcesBuildPhase section */

/* Begin PBXShellScriptBuildPhase section */
		08D31E31FCFA4F7DCB8F0155 /* [CP] Check Pods Manifest.lock */ = {
			isa = PBXShellScriptBuildPhase;
			buildActionMask = 2147483647;
			files = (
			);
			inputFileListPaths = (
			);
			inputPaths = (
				"${PODS_PODFILE_DIR_PATH}/Podfile.lock",
				"${PODS_ROOT}/Manifest.lock",
			);
			name = "[CP] Check Pods Manifest.lock";
			outputFileListPaths = (
			);
			outputPaths = (
				"$(DERIVED_FILE_DIR)/Pods-MoviedbTests-checkManifestLockResult.txt",
			);
			runOnlyForDeploymentPostprocessing = 0;
			shellPath = /bin/sh;
			shellScript = "diff \"${PODS_PODFILE_DIR_PATH}/Podfile.lock\" \"${PODS_ROOT}/Manifest.lock\" > /dev/null\nif [ $? != 0 ] ; then\n    # print error to STDERR\n    echo \"error: The sandbox is not in sync with the Podfile.lock. Run 'pod install' or update your CocoaPods installation.\" >&2\n    exit 1\nfi\n# This output is used by Xcode 'outputs' to avoid re-running this script phase.\necho \"SUCCESS\" > \"${SCRIPT_OUTPUT_FILE_0}\"\n";
			showEnvVarsInLog = 0;
		};
		2F08DE154372F5228B79EC05 /* [CP] Embed Pods Frameworks */ = {
			isa = PBXShellScriptBuildPhase;
			buildActionMask = 2147483647;
			files = (
			);
			inputFileListPaths = (
				"${PODS_ROOT}/Target Support Files/Pods-Moviedb-MoviedbUITests/Pods-Moviedb-MoviedbUITests-frameworks-${CONFIGURATION}-input-files.xcfilelist",
			);
			name = "[CP] Embed Pods Frameworks";
			outputFileListPaths = (
				"${PODS_ROOT}/Target Support Files/Pods-Moviedb-MoviedbUITests/Pods-Moviedb-MoviedbUITests-frameworks-${CONFIGURATION}-output-files.xcfilelist",
			);
			runOnlyForDeploymentPostprocessing = 0;
			shellPath = /bin/sh;
			shellScript = "\"${PODS_ROOT}/Target Support Files/Pods-Moviedb-MoviedbUITests/Pods-Moviedb-MoviedbUITests-frameworks.sh\"\n";
			showEnvVarsInLog = 0;
		};
		366C9668D99DFE9D24C9D689 /* [CP] Check Pods Manifest.lock */ = {
			isa = PBXShellScriptBuildPhase;
			buildActionMask = 2147483647;
			files = (
			);
			inputFileListPaths = (
			);
			inputPaths = (
				"${PODS_PODFILE_DIR_PATH}/Podfile.lock",
				"${PODS_ROOT}/Manifest.lock",
			);
			name = "[CP] Check Pods Manifest.lock";
			outputFileListPaths = (
			);
			outputPaths = (
				"$(DERIVED_FILE_DIR)/Pods-Moviedb-MoviedbUITests-checkManifestLockResult.txt",
			);
			runOnlyForDeploymentPostprocessing = 0;
			shellPath = /bin/sh;
			shellScript = "diff \"${PODS_PODFILE_DIR_PATH}/Podfile.lock\" \"${PODS_ROOT}/Manifest.lock\" > /dev/null\nif [ $? != 0 ] ; then\n    # print error to STDERR\n    echo \"error: The sandbox is not in sync with the Podfile.lock. Run 'pod install' or update your CocoaPods installation.\" >&2\n    exit 1\nfi\n# This output is used by Xcode 'outputs' to avoid re-running this script phase.\necho \"SUCCESS\" > \"${SCRIPT_OUTPUT_FILE_0}\"\n";
			showEnvVarsInLog = 0;
		};
		6E8132B7966515C4ECE87CDE /* [CP] Check Pods Manifest.lock */ = {
			isa = PBXShellScriptBuildPhase;
			buildActionMask = 2147483647;
			files = (
			);
			inputFileListPaths = (
			);
			inputPaths = (
				"${PODS_PODFILE_DIR_PATH}/Podfile.lock",
				"${PODS_ROOT}/Manifest.lock",
			);
			name = "[CP] Check Pods Manifest.lock";
			outputFileListPaths = (
			);
			outputPaths = (
				"$(DERIVED_FILE_DIR)/Pods-Moviedb-checkManifestLockResult.txt",
			);
			runOnlyForDeploymentPostprocessing = 0;
			shellPath = /bin/sh;
			shellScript = "diff \"${PODS_PODFILE_DIR_PATH}/Podfile.lock\" \"${PODS_ROOT}/Manifest.lock\" > /dev/null\nif [ $? != 0 ] ; then\n    # print error to STDERR\n    echo \"error: The sandbox is not in sync with the Podfile.lock. Run 'pod install' or update your CocoaPods installation.\" >&2\n    exit 1\nfi\n# This output is used by Xcode 'outputs' to avoid re-running this script phase.\necho \"SUCCESS\" > \"${SCRIPT_OUTPUT_FILE_0}\"\n";
			showEnvVarsInLog = 0;
		};
		735A0CDA55F006649E8CB15B /* [CP] Embed Pods Frameworks */ = {
			isa = PBXShellScriptBuildPhase;
			buildActionMask = 2147483647;
			files = (
			);
			inputFileListPaths = (
				"${PODS_ROOT}/Target Support Files/Pods-Moviedb/Pods-Moviedb-frameworks-${CONFIGURATION}-input-files.xcfilelist",
			);
			name = "[CP] Embed Pods Frameworks";
			outputFileListPaths = (
				"${PODS_ROOT}/Target Support Files/Pods-Moviedb/Pods-Moviedb-frameworks-${CONFIGURATION}-output-files.xcfilelist",
			);
			runOnlyForDeploymentPostprocessing = 0;
			shellPath = /bin/sh;
			shellScript = "\"${PODS_ROOT}/Target Support Files/Pods-Moviedb/Pods-Moviedb-frameworks.sh\"\n";
			showEnvVarsInLog = 0;
		};
		A2D2D4DB4DF94D4C0BA0C50D /* [CP] Embed Pods Frameworks */ = {
			isa = PBXShellScriptBuildPhase;
			buildActionMask = 2147483647;
			files = (
			);
			inputFileListPaths = (
				"${PODS_ROOT}/Target Support Files/Pods-MoviedbTests/Pods-MoviedbTests-frameworks-${CONFIGURATION}-input-files.xcfilelist",
			);
			name = "[CP] Embed Pods Frameworks";
			outputFileListPaths = (
				"${PODS_ROOT}/Target Support Files/Pods-MoviedbTests/Pods-MoviedbTests-frameworks-${CONFIGURATION}-output-files.xcfilelist",
			);
			runOnlyForDeploymentPostprocessing = 0;
			shellPath = /bin/sh;
			shellScript = "\"${PODS_ROOT}/Target Support Files/Pods-MoviedbTests/Pods-MoviedbTests-frameworks.sh\"\n";
			showEnvVarsInLog = 0;
		};
/* End PBXShellScriptBuildPhase section */

/* Begin PBXSourcesBuildPhase section */
		D4D44E8125C0B197000F6268 /* Sources */ = {
			isa = PBXSourcesBuildPhase;
			buildActionMask = 2147483647;
			files = (
				741F7EE226EF0E3B00F35151 /* CastCell.swift in Sources */,
				74EAF51F270A411300ECE944 /* EmptyMovieListView.swift in Sources */,
				7455FD50267542FD00A32DE4 /* MovieListWorker.swift in Sources */,
				74EAF524270ADCCC00ECE944 /* UIView+Extension.swift in Sources */,
				744EB0E426F7EBE9002F25B9 /* Credits.swift in Sources */,
				D4ECB67125C9CD220057C768 /* Cast.swift in Sources */,
				74B8F60226E7F6DF00DA21A9 /* MovieDetailsViewController.swift in Sources */,
				D4D44E8925C0B197000F6268 /* AppDelegate.swift in Sources */,
				74C17F0026B815B6004461BB /* MovieListBuilder.swift in Sources */,
				74EAF51B270794EC00ECE944 /* UIBackButton.swift in Sources */,
				74C17EFE26B81585004461BB /* MovieListRouter.swift in Sources */,
				74B8F60626E7F79100DA21A9 /* MovieDetailsInteractor.swift in Sources */,
				74B8F60A26E7F8EA00DA21A9 /* MovieDetailsBuilder.swift in Sources */,
				74BD575226F6AB26005CE3C8 /* MovieDetailsWorker.swift in Sources */,
				74C17EF526B813EF004461BB /* UICollectionViewCell+Extension.swift in Sources */,
				74BD575826F6AD5B005CE3C8 /* Crew.swift in Sources */,
				741F7EE026EF06DD00F35151 /* CastCustomCarousel.swift in Sources */,
				74BD575A26F6AEF8005CE3C8 /* RecommendationResponse.swift in Sources */,
				7449DBA326D2AB04005B342F /* UIImageView+Extensions.swift in Sources */,
				74C17EFA26B814EB004461BB /* MovieListPresenter.swift in Sources */,
				74B8F60D26E7FAC800DA21A9 /* MovieDetailsView.swift in Sources */,
				74C17EFC26B8153F004461BB /* MovieListInteractor.swift in Sources */,
				74B8F60826E7F80100DA21A9 /* MovieDetailsRouter.swift in Sources */,
				74BD574E26F69F68005CE3C8 /* RecommendedCell.swift in Sources */,
				74C17EF226B80E3F004461BB /* MovieListView.swift in Sources */,
				742F5DBD26DAAC1E00651B7C /* UIViewController+Extensions.swift in Sources */,
				74BD575C26F6AF8B005CE3C8 /* Int+Extension.swift in Sources */,
				74BD576326F79802005CE3C8 /* MovieListViewModel.swift in Sources */,
				D4ECB65D25C9C5700057C768 /* Movie.swift in Sources */,
				7428FBD72724DCFA00483421 /* UICircularView.swift in Sources */,
				74BD575026F6A477005CE3C8 /* RecommendedCustomCarousel.swift in Sources */,
				74B8F60426E7F73300DA21A9 /* MovieDetailsPresenter.swift in Sources */,
				74C17EEF26B80E17004461BB /* MovieCell.swift in Sources */,
				7487016D26D98B1A001D7DEE /* MovieListViewDelegate.swift in Sources */,
				D4D44E8B25C0B197000F6268 /* SceneDelegate.swift in Sources */,
				D4ECB66225C9CA6E0057C768 /* Genre.swift in Sources */,
				74C17EED26B80D62004461BB /* ViewCodeProtocol.swift in Sources */,
				74C17EF826B814C2004461BB /* MovieListViewController.swift in Sources */,
				7455FD532675464500A32DE4 /* MovieListResponse.swift in Sources */,
				74EAF526270B7B0C00ECE944 /* String+Extensions.swift in Sources */,
				74BD575426F6AB3D005CE3C8 /* MovieDetailsResponse.swift in Sources */,
				74EAF51D27079D3000ECE944 /* MovieDetailsViewDelegate.swift in Sources */,
				D4ECB66725C9CAD40057C768 /* Details.swift in Sources */,
			);
			runOnlyForDeploymentPostprocessing = 0;
		};
		D4D44E9725C0B198000F6268 /* Sources */ = {
			isa = PBXSourcesBuildPhase;
			buildActionMask = 2147483647;
			files = (
				74EAF539270C0D7F00ECE944 /* MovieDetailsViewControllerMock.swift in Sources */,
				74EAF53C270C0EDB00ECE944 /* MovieDetailsWorkerMock.swift in Sources */,
				74EAF533270BFBAA00ECE944 /* MovieListWorkerMock.swift in Sources */,
				74EAF540270C113D00ECE944 /* MovieDetailsTests.swift in Sources */,
				74EAF52C270BA26400ECE944 /* MovieListViewControllerMock.swift in Sources */,
				74EAF531270BA8FC00ECE944 /* MovieListTests.swift in Sources */,
				74EAF535270BFF5900ECE944 /* MovieListResponseMock.swift in Sources */,
				74EAF53E270C0EF400ECE944 /* MovieDetailsResponseMock.swift in Sources */,
			);
			runOnlyForDeploymentPostprocessing = 0;
		};
		D4D44EA225C0B198000F6268 /* Sources */ = {
			isa = PBXSourcesBuildPhase;
			buildActionMask = 2147483647;
			files = (
				D4D44EAB25C0B198000F6268 /* MoviedbUITests.swift in Sources */,
			);
			runOnlyForDeploymentPostprocessing = 0;
		};
/* End PBXSourcesBuildPhase section */

/* Begin PBXTargetDependency section */
		D4D44E9D25C0B198000F6268 /* PBXTargetDependency */ = {
			isa = PBXTargetDependency;
			target = D4D44E8425C0B197000F6268 /* Moviedb */;
			targetProxy = D4D44E9C25C0B198000F6268 /* PBXContainerItemProxy */;
		};
		D4D44EA825C0B198000F6268 /* PBXTargetDependency */ = {
			isa = PBXTargetDependency;
			target = D4D44E8425C0B197000F6268 /* Moviedb */;
			targetProxy = D4D44EA725C0B198000F6268 /* PBXContainerItemProxy */;
		};
/* End PBXTargetDependency section */

/* Begin PBXVariantGroup section */
		D4D44E9325C0B198000F6268 /* LaunchScreen.storyboard */ = {
			isa = PBXVariantGroup;
			children = (
				D4D44E9425C0B198000F6268 /* Base */,
			);
			name = LaunchScreen.storyboard;
			sourceTree = "<group>";
		};
/* End PBXVariantGroup section */

/* Begin XCBuildConfiguration section */
		D4D44EAD25C0B198000F6268 /* Debug */ = {
			isa = XCBuildConfiguration;
			buildSettings = {
				ALWAYS_SEARCH_USER_PATHS = NO;
				CLANG_ANALYZER_NONNULL = YES;
				CLANG_ANALYZER_NUMBER_OBJECT_CONVERSION = YES_AGGRESSIVE;
				CLANG_CXX_LANGUAGE_STANDARD = "gnu++14";
				CLANG_CXX_LIBRARY = "libc++";
				CLANG_ENABLE_MODULES = YES;
				CLANG_ENABLE_OBJC_ARC = YES;
				CLANG_ENABLE_OBJC_WEAK = YES;
				CLANG_WARN_BLOCK_CAPTURE_AUTORELEASING = YES;
				CLANG_WARN_BOOL_CONVERSION = YES;
				CLANG_WARN_COMMA = YES;
				CLANG_WARN_CONSTANT_CONVERSION = YES;
				CLANG_WARN_DEPRECATED_OBJC_IMPLEMENTATIONS = YES;
				CLANG_WARN_DIRECT_OBJC_ISA_USAGE = YES_ERROR;
				CLANG_WARN_DOCUMENTATION_COMMENTS = YES;
				CLANG_WARN_EMPTY_BODY = YES;
				CLANG_WARN_ENUM_CONVERSION = YES;
				CLANG_WARN_INFINITE_RECURSION = YES;
				CLANG_WARN_INT_CONVERSION = YES;
				CLANG_WARN_NON_LITERAL_NULL_CONVERSION = YES;
				CLANG_WARN_OBJC_IMPLICIT_RETAIN_SELF = YES;
				CLANG_WARN_OBJC_LITERAL_CONVERSION = YES;
				CLANG_WARN_OBJC_ROOT_CLASS = YES_ERROR;
				CLANG_WARN_QUOTED_INCLUDE_IN_FRAMEWORK_HEADER = YES;
				CLANG_WARN_RANGE_LOOP_ANALYSIS = YES;
				CLANG_WARN_STRICT_PROTOTYPES = YES;
				CLANG_WARN_SUSPICIOUS_MOVE = YES;
				CLANG_WARN_UNGUARDED_AVAILABILITY = YES_AGGRESSIVE;
				CLANG_WARN_UNREACHABLE_CODE = YES;
				CLANG_WARN__DUPLICATE_METHOD_MATCH = YES;
				COPY_PHASE_STRIP = NO;
				DEBUG_INFORMATION_FORMAT = dwarf;
				ENABLE_STRICT_OBJC_MSGSEND = YES;
				ENABLE_TESTABILITY = YES;
				GCC_C_LANGUAGE_STANDARD = gnu11;
				GCC_DYNAMIC_NO_PIC = NO;
				GCC_NO_COMMON_BLOCKS = YES;
				GCC_OPTIMIZATION_LEVEL = 0;
				GCC_PREPROCESSOR_DEFINITIONS = (
					"DEBUG=1",
					"$(inherited)",
				);
				GCC_WARN_64_TO_32_BIT_CONVERSION = YES;
				GCC_WARN_ABOUT_RETURN_TYPE = YES_ERROR;
				GCC_WARN_UNDECLARED_SELECTOR = YES;
				GCC_WARN_UNINITIALIZED_AUTOS = YES_AGGRESSIVE;
				GCC_WARN_UNUSED_FUNCTION = YES;
				GCC_WARN_UNUSED_VARIABLE = YES;
				IPHONEOS_DEPLOYMENT_TARGET = 14.3;
				MTL_ENABLE_DEBUG_INFO = INCLUDE_SOURCE;
				MTL_FAST_MATH = YES;
				ONLY_ACTIVE_ARCH = YES;
				SDKROOT = iphoneos;
				SWIFT_ACTIVE_COMPILATION_CONDITIONS = DEBUG;
				SWIFT_OPTIMIZATION_LEVEL = "-Onone";
			};
			name = Debug;
		};
		D4D44EAE25C0B198000F6268 /* Release */ = {
			isa = XCBuildConfiguration;
			buildSettings = {
				ALWAYS_SEARCH_USER_PATHS = NO;
				CLANG_ANALYZER_NONNULL = YES;
				CLANG_ANALYZER_NUMBER_OBJECT_CONVERSION = YES_AGGRESSIVE;
				CLANG_CXX_LANGUAGE_STANDARD = "gnu++14";
				CLANG_CXX_LIBRARY = "libc++";
				CLANG_ENABLE_MODULES = YES;
				CLANG_ENABLE_OBJC_ARC = YES;
				CLANG_ENABLE_OBJC_WEAK = YES;
				CLANG_WARN_BLOCK_CAPTURE_AUTORELEASING = YES;
				CLANG_WARN_BOOL_CONVERSION = YES;
				CLANG_WARN_COMMA = YES;
				CLANG_WARN_CONSTANT_CONVERSION = YES;
				CLANG_WARN_DEPRECATED_OBJC_IMPLEMENTATIONS = YES;
				CLANG_WARN_DIRECT_OBJC_ISA_USAGE = YES_ERROR;
				CLANG_WARN_DOCUMENTATION_COMMENTS = YES;
				CLANG_WARN_EMPTY_BODY = YES;
				CLANG_WARN_ENUM_CONVERSION = YES;
				CLANG_WARN_INFINITE_RECURSION = YES;
				CLANG_WARN_INT_CONVERSION = YES;
				CLANG_WARN_NON_LITERAL_NULL_CONVERSION = YES;
				CLANG_WARN_OBJC_IMPLICIT_RETAIN_SELF = YES;
				CLANG_WARN_OBJC_LITERAL_CONVERSION = YES;
				CLANG_WARN_OBJC_ROOT_CLASS = YES_ERROR;
				CLANG_WARN_QUOTED_INCLUDE_IN_FRAMEWORK_HEADER = YES;
				CLANG_WARN_RANGE_LOOP_ANALYSIS = YES;
				CLANG_WARN_STRICT_PROTOTYPES = YES;
				CLANG_WARN_SUSPICIOUS_MOVE = YES;
				CLANG_WARN_UNGUARDED_AVAILABILITY = YES_AGGRESSIVE;
				CLANG_WARN_UNREACHABLE_CODE = YES;
				CLANG_WARN__DUPLICATE_METHOD_MATCH = YES;
				COPY_PHASE_STRIP = NO;
				DEBUG_INFORMATION_FORMAT = "dwarf-with-dsym";
				ENABLE_NS_ASSERTIONS = NO;
				ENABLE_STRICT_OBJC_MSGSEND = YES;
				GCC_C_LANGUAGE_STANDARD = gnu11;
				GCC_NO_COMMON_BLOCKS = YES;
				GCC_WARN_64_TO_32_BIT_CONVERSION = YES;
				GCC_WARN_ABOUT_RETURN_TYPE = YES_ERROR;
				GCC_WARN_UNDECLARED_SELECTOR = YES;
				GCC_WARN_UNINITIALIZED_AUTOS = YES_AGGRESSIVE;
				GCC_WARN_UNUSED_FUNCTION = YES;
				GCC_WARN_UNUSED_VARIABLE = YES;
				IPHONEOS_DEPLOYMENT_TARGET = 14.3;
				MTL_ENABLE_DEBUG_INFO = NO;
				MTL_FAST_MATH = YES;
				SDKROOT = iphoneos;
				SWIFT_COMPILATION_MODE = wholemodule;
				SWIFT_OPTIMIZATION_LEVEL = "-O";
				VALIDATE_PRODUCT = YES;
			};
			name = Release;
		};
		D4D44EB025C0B198000F6268 /* Debug */ = {
			isa = XCBuildConfiguration;
			baseConfigurationReference = C33F1C15EADAF968DC985704 /* Pods-Moviedb.debug.xcconfig */;
			buildSettings = {
				ASSETCATALOG_COMPILER_APPICON_NAME = AppIcon;
				ASSETCATALOG_COMPILER_GLOBAL_ACCENT_COLOR_NAME = AccentColor;
				CODE_SIGN_STYLE = Automatic;
				INFOPLIST_FILE = Moviedb/SupportFiles/Info.plist;
				LD_RUNPATH_SEARCH_PATHS = (
					"$(inherited)",
					"@executable_path/Frameworks",
				);
				PRODUCT_BUNDLE_IDENTIFIER = com.hellencaroline.Moviedb;
				PRODUCT_NAME = "$(TARGET_NAME)";
				SWIFT_VERSION = 5.0;
				TARGETED_DEVICE_FAMILY = "1,2";
			};
			name = Debug;
		};
		D4D44EB125C0B198000F6268 /* Release */ = {
			isa = XCBuildConfiguration;
			baseConfigurationReference = 07F5B2AA6BE19052F62A34AD /* Pods-Moviedb.release.xcconfig */;
			buildSettings = {
				ASSETCATALOG_COMPILER_APPICON_NAME = AppIcon;
				ASSETCATALOG_COMPILER_GLOBAL_ACCENT_COLOR_NAME = AccentColor;
				CODE_SIGN_STYLE = Automatic;
				INFOPLIST_FILE = Moviedb/SupportFiles/Info.plist;
				LD_RUNPATH_SEARCH_PATHS = (
					"$(inherited)",
					"@executable_path/Frameworks",
				);
				PRODUCT_BUNDLE_IDENTIFIER = com.hellencaroline.Moviedb;
				PRODUCT_NAME = "$(TARGET_NAME)";
				SWIFT_VERSION = 5.0;
				TARGETED_DEVICE_FAMILY = "1,2";
			};
			name = Release;
		};
		D4D44EB325C0B198000F6268 /* Debug */ = {
			isa = XCBuildConfiguration;
			baseConfigurationReference = AAC3AF2FB8799165A831D9B4 /* Pods-MoviedbTests.debug.xcconfig */;
			buildSettings = {
				ALWAYS_EMBED_SWIFT_STANDARD_LIBRARIES = YES;
				BUNDLE_LOADER = "$(TEST_HOST)";
				CODE_SIGN_STYLE = Automatic;
				INFOPLIST_FILE = MoviedbTests/Info.plist;
				IPHONEOS_DEPLOYMENT_TARGET = 14.3;
				LD_RUNPATH_SEARCH_PATHS = (
					"$(inherited)",
					"@executable_path/Frameworks",
					"@loader_path/Frameworks",
				);
				PRODUCT_BUNDLE_IDENTIFIER = com.hellencaroline.MoviedbTests;
				PRODUCT_NAME = "$(TARGET_NAME)";
				SWIFT_VERSION = 5.0;
				TARGETED_DEVICE_FAMILY = "1,2";
				TEST_HOST = "$(BUILT_PRODUCTS_DIR)/Moviedb.app/Moviedb";
			};
			name = Debug;
		};
		D4D44EB425C0B198000F6268 /* Release */ = {
			isa = XCBuildConfiguration;
			baseConfigurationReference = 35BEF93F4BB870612A6D4579 /* Pods-MoviedbTests.release.xcconfig */;
			buildSettings = {
				ALWAYS_EMBED_SWIFT_STANDARD_LIBRARIES = YES;
				BUNDLE_LOADER = "$(TEST_HOST)";
				CODE_SIGN_STYLE = Automatic;
				INFOPLIST_FILE = MoviedbTests/Info.plist;
				IPHONEOS_DEPLOYMENT_TARGET = 14.3;
				LD_RUNPATH_SEARCH_PATHS = (
					"$(inherited)",
					"@executable_path/Frameworks",
					"@loader_path/Frameworks",
				);
				PRODUCT_BUNDLE_IDENTIFIER = com.hellencaroline.MoviedbTests;
				PRODUCT_NAME = "$(TARGET_NAME)";
				SWIFT_VERSION = 5.0;
				TARGETED_DEVICE_FAMILY = "1,2";
				TEST_HOST = "$(BUILT_PRODUCTS_DIR)/Moviedb.app/Moviedb";
			};
			name = Release;
		};
		D4D44EB625C0B198000F6268 /* Debug */ = {
			isa = XCBuildConfiguration;
			baseConfigurationReference = E628D85361B34B336DE5DC68 /* Pods-Moviedb-MoviedbUITests.debug.xcconfig */;
			buildSettings = {
				ALWAYS_EMBED_SWIFT_STANDARD_LIBRARIES = YES;
				CODE_SIGN_STYLE = Automatic;
				INFOPLIST_FILE = MoviedbUITests/Info.plist;
				LD_RUNPATH_SEARCH_PATHS = (
					"$(inherited)",
					"@executable_path/Frameworks",
					"@loader_path/Frameworks",
				);
				PRODUCT_BUNDLE_IDENTIFIER = com.hellencaroline.MoviedbUITests;
				PRODUCT_NAME = "$(TARGET_NAME)";
				SWIFT_VERSION = 5.0;
				TARGETED_DEVICE_FAMILY = "1,2";
				TEST_TARGET_NAME = Moviedb;
			};
			name = Debug;
		};
		D4D44EB725C0B198000F6268 /* Release */ = {
			isa = XCBuildConfiguration;
			baseConfigurationReference = 6D351324F295D9C72E0DADC7 /* Pods-Moviedb-MoviedbUITests.release.xcconfig */;
			buildSettings = {
				ALWAYS_EMBED_SWIFT_STANDARD_LIBRARIES = YES;
				CODE_SIGN_STYLE = Automatic;
				INFOPLIST_FILE = MoviedbUITests/Info.plist;
				LD_RUNPATH_SEARCH_PATHS = (
					"$(inherited)",
					"@executable_path/Frameworks",
					"@loader_path/Frameworks",
				);
				PRODUCT_BUNDLE_IDENTIFIER = com.hellencaroline.MoviedbUITests;
				PRODUCT_NAME = "$(TARGET_NAME)";
				SWIFT_VERSION = 5.0;
				TARGETED_DEVICE_FAMILY = "1,2";
				TEST_TARGET_NAME = Moviedb;
			};
			name = Release;
		};
/* End XCBuildConfiguration section */

/* Begin XCConfigurationList section */
		D4D44E8025C0B197000F6268 /* Build configuration list for PBXProject "Moviedb" */ = {
			isa = XCConfigurationList;
			buildConfigurations = (
				D4D44EAD25C0B198000F6268 /* Debug */,
				D4D44EAE25C0B198000F6268 /* Release */,
			);
			defaultConfigurationIsVisible = 0;
			defaultConfigurationName = Release;
		};
		D4D44EAF25C0B198000F6268 /* Build configuration list for PBXNativeTarget "Moviedb" */ = {
			isa = XCConfigurationList;
			buildConfigurations = (
				D4D44EB025C0B198000F6268 /* Debug */,
				D4D44EB125C0B198000F6268 /* Release */,
			);
			defaultConfigurationIsVisible = 0;
			defaultConfigurationName = Release;
		};
		D4D44EB225C0B198000F6268 /* Build configuration list for PBXNativeTarget "MoviedbTests" */ = {
			isa = XCConfigurationList;
			buildConfigurations = (
				D4D44EB325C0B198000F6268 /* Debug */,
				D4D44EB425C0B198000F6268 /* Release */,
			);
			defaultConfigurationIsVisible = 0;
			defaultConfigurationName = Release;
		};
		D4D44EB525C0B198000F6268 /* Build configuration list for PBXNativeTarget "MoviedbUITests" */ = {
			isa = XCConfigurationList;
			buildConfigurations = (
				D4D44EB625C0B198000F6268 /* Debug */,
				D4D44EB725C0B198000F6268 /* Release */,
			);
			defaultConfigurationIsVisible = 0;
			defaultConfigurationName = Release;
		};
/* End XCConfigurationList section */
	};
	rootObject = D4D44E7D25C0B197000F6268 /* Project object */;
}
